{
  "name": "Frontend",
  "lockfileVersion": 3,
  "requires": true,
  "packages": {
    "": {
      "dependencies": {
        "@geoapify/geocoder-autocomplete": "^3.0.1",
        "@geoapify/react-geocoder-autocomplete": "^3.0.0"
      }
    },
    "node_modules/@geoapify/geocoder-autocomplete": {
      "version": "3.0.1",
      "resolved": "https://registry.npmjs.org/@geoapify/geocoder-autocomplete/-/geocoder-autocomplete-3.0.1.tgz",
      "integrity": "sha512-zCvnDtRZKASUwJ9jNcYn1+g17IlouQQINLov/SkPC5/2e7N8CYkcMqj/SKK1ARvUkvqbFC0rMvvkJa7P6Rme7A==",
      "license": "MIT"
    },
    "node_modules/@geoapify/react-geocoder-autocomplete": {
      "version": "3.0.0",
      "resolved": "https://registry.npmjs.org/@geoapify/react-geocoder-autocomplete/-/react-geocoder-autocomplete-3.0.0.tgz",
      "integrity": "sha512-vp7+Gup57PZEYfT/PWPAkvsmo/udDtuCidYyW1rjKV4KC1GltOgvBr6oV/MRitKuFlTN5brKeY1CCPberFDXtg==",
      "license": "MIT",
      "engines": {
        "node": ">=10"
      },
      "peerDependencies": {
        "@geoapify/geocoder-autocomplete": "^3.0.1",
        "react": "^19.0.0",
        "react-dom": "^19.0.0"
      }
    },
    "node_modules/react": {
      "version": "19.2.5",
      "resolved": "https://registry.npmjs.org/react/-/react-19.2.5.tgz",
      "integrity": "sha512-llUJLzz1zTUBrskt2pwZgLq59AemifIftw4aB7JxOqf1HY2FDaGDxgwpAPVzHU1kdWabH7FauP4i1oEeer2WCA==",
      "license": "MIT",
      "peer": true,
      "engines": {
        "node": ">=0.10.0"
      }
    },
    "node_modules/react-dom": {
      "version": "19.2.5",
      "resolved": "https://registry.npmjs.org/react-dom/-/react-dom-19.2.5.tgz",
      "integrity": "sha512-J5bAZz+DXMMwW/wV3xzKke59Af6CHY7G4uYLN1OvBcKEsWOs4pQExj86BBKamxl/Ik5bx9whOrvBlSDfWzgSag==",
      "license": "MIT",
      "peer": true,
      "dependencies": {
        "scheduler": "^0.27.0"
      },
      "peerDependencies": {
        "react": "^19.2.5"
      }
    },
    "node_modules/scheduler": {
      "version": "0.27.0",
      "resolved": "https://registry.npmjs.org/scheduler/-/scheduler-0.27.0.tgz",
      "integrity": "sha512-eNv+WrVbKu1f3vbYJT/xtiF5syA5HPIMtf9IgY/nKg0sWqzAUEvqY/xm7OcZc/qafLx/iO9FgOmeSAp4v5ti/Q==",
      "license": "MIT",
      "peer": true
    }
  }
}
